uuid: a680bcaa-f6b7-4de3-bab8-b98f14bb6782
langcode: en
status: true
dependencies:
  config:
    - views.view.projects
  module:
    - node
    - views
  theme:
    - elsa
id: views_block__projects_block
theme: elsa
region: bottom_content
weight: -19
provider: null
plugin: 'views_block:projects-block_1'
settings:
  id: 'views_block:projects-block_1'
  label: Projects
  provider: views
  label_display: visible
  views_label: Projects
  items_per_page: none
  context_mapping: {  }
visibility:
  node_type:
    id: node_type
    bundles:
      development_objective: development_objective
    negate: false
    context_mapping:
      node: '@node.node_route_context:node'
