uuid: eb120d71-6789-4b4a-946d-6cf8af452e0d
langcode: en
status: true
dependencies:
  config:
    - views.view.news_and_highlights_topic_view_
  module:
    - node
    - views
  theme:
    - elsa
id: views_block__news_and_highlights__block
theme: elsa
region: bottom_content
weight: -17
provider: null
plugin: 'views_block:news_and_highlights_topic_view_-block_1'
settings:
  id: 'views_block:news_and_highlights_topic_view_-block_1'
  label: 'News and Highlights'
  provider: views
  label_display: visible
  views_label: 'News and Highlights'
  items_per_page: none
  context_mapping: {  }
visibility:
  node_type:
    id: node_type
    bundles:
      development_objective: development_objective
    negate: false
    context_mapping:
      node: '@node.node_route_context:node'
