uuid: 81119d47-798a-40ec-8f29-124aea4cd4b4
langcode: en
status: false
dependencies:
  module:
    - social_post_photo
    - system
  theme:
    - elsa
_core:
  default_config_hash: b5E5NPiSRKlKRNZcEWgscia7LJXEHE6iMoBAyh0uJRU
id: elsa_postonprofileblock
theme: elsa
region: nav
weight: -16
provider: null
plugin: post_photo_profile_block
settings:
  id: post_profile_block
  label: 'Post on profile block'
  provider: social_post
  label_display: '0'
visibility:
  request_path:
    id: request_path
    pages: '/user/*/stream'
    negate: false
    context_mapping: {  }
