uuid: 95ffadea-850e-40eb-87ae-ca0700c41de0
langcode: en
status: true
dependencies:
  module:
    - social_user
    - user
  theme:
    - partners_colab
id: partners_colab_accountheaderblock
theme: partners_colab
region: header
weight: -21
provider: null
plugin: account_header_block
settings:
  id: account_header_block
  label: 'Account header block'
  provider: social_user
  label_display: '0'
  context_mapping:
    user: '@user.current_user_context:current_user'
visibility:
  user_role:
    id: user_role
    roles:
      authenticated: authenticated
      administrator: administrator
    negate: false
    context_mapping:
      user: '@user.current_user_context:current_user'
