uuid: 245063c6-0abc-4665-8aa0-747f0139f601
langcode: en
status: true
dependencies:
  module:
    - social_post
    - system
  theme:
    - socialblue
id: socialblue_postblock
theme: socialblue
region: hidden
weight: -27
provider: null
plugin: post_block
settings:
  id: post_block
  label: 'Post block'
  provider: social_post
  label_display: '0'
visibility:
  request_path:
    id: request_path
    pages: /stream
    negate: false
    context_mapping: {  }
