uuid: c8365d67-1ecf-4960-a2b3-9ad629c8b1a4
langcode: en
status: true
dependencies:
  config:
    - views.view.latest_topics
  module:
    - system
    - views
  theme:
    - partners_colab
id: partners_colab_views_block__latest_topics_group_topics_block
theme: partners_colab
region: complementary_bottom
weight: -24
provider: null
plugin: 'views_block:latest_topics-group_topics_block'
settings:
  id: 'views_block:latest_topics-group_topics_block'
  label: ''
  provider: views
  label_display: visible
  views_label: ''
  items_per_page: none
visibility:
  request_path:
    id: request_path
    pages: "/group/*/stream\r\n/group/*/about"
    negate: false
    context_mapping: {  }
