uuid: bc5a0ef8-933b-440e-a7df-cc76cc654214
langcode: en
status: true
dependencies:
  module:
    - social_topic
    - system
  theme:
    - partners_colab
id: partners_colab_topic_add_block
theme: partners_colab
region: sidebar_first
weight: -27
provider: null
plugin: topic_add_block
settings:
  id: topic_add_block
  label: 'Topic add block'
  provider: social_topic
  label_display: '0'
visibility:
  request_path:
    id: request_path
    pages: '/user/*/topics'
    negate: false
    context_mapping: {  }
