uuid: d8e9bebb-1f66-44cf-a6c3-1b549b1a4d78
langcode: en
status: true
dependencies:
  config:
    - views.view.learning_library_items
  module:
    - node
    - views
  theme:
    - elsa
id: views_block__learning_library_items_block
theme: elsa
region: bottom_content
weight: -18
provider: null
plugin: 'views_block:learning_library_items-block_1'
settings:
  id: 'views_block:learning_library_items-block_1'
  label: Resources
  provider: views
  label_display: visible
  views_label: Resources
  items_per_page: none
  context_mapping: {  }
visibility:
  node_type:
    id: node_type
    bundles:
      development_objective: development_objective
    negate: false
    context_mapping:
      node: '@node.node_route_context:node'
